
Microsoft Visual Studio Solution File, Format Version 12.00
# Visual Studio 15
VisualStudioVersion = 15.0.27428.2015
MinimumVisualStudioVersion = 10.0.40219.1
Project("{9A19103F-16F7-4668-BE54-9A1E7A4F7556}") = "MarsRoverApp", "MarsRoverApp\MarsRoverApp.csproj", "{0F8FBB5D-2B9D-405D-BC0D-FAF5E0043F98}"
EndProject
Project("{FAE04EC0-301F-11D3-BF4B-00C04F79EFBC}") = "RoverUnitTestCore", "RoverUnitTestCore\RoverUnitTestCore.csproj", "{9C8DE638-7724-42AC-8D40-D030BB40DE0C}"
EndProject
Global
	GlobalSection(SolutionConfigurationPlatforms) = preSolution
		Debug|Any CPU = Debug|Any CPU
		Release|Any CPU = Release|Any CPU
	EndGlobalSection
	GlobalSection(ProjectConfigurationPlatforms) = postSolution
		{0F8FBB5D-2B9D-405D-BC0D-FAF5E0043F98}.Debug|Any CPU.ActiveCfg = Debug|Any CPU
		{0F8FBB5D-2B9D-405D-BC0D-FAF5E0043F98}.Debug|Any CPU.Build.0 = Debug|Any CPU
		{0F8FBB5D-2B9D-405D-BC0D-FAF5E0043F98}.Release|Any CPU.ActiveCfg = Release|Any CPU
		{0F8FBB5D-2B9D-405D-BC0D-FAF5E0043F98}.Release|Any CPU.Build.0 = Release|Any CPU
		{9C8DE638-7724-42AC-8D40-D030BB40DE0C}.Debug|Any CPU.ActiveCfg = Debug|Any CPU
		{9C8DE638-7724-42AC-8D40-D030BB40DE0C}.Debug|Any CPU.Build.0 = Debug|Any CPU
		{9C8DE638-7724-42AC-8D40-D030BB40DE0C}.Release|Any CPU.ActiveCfg = Release|Any CPU
		{9C8DE638-7724-42AC-8D40-D030BB40DE0C}.Release|Any CPU.Build.0 = Release|Any CPU
	EndGlobalSection
	GlobalSection(SolutionProperties) = preSolution
		HideSolutionNode = FALSE
	EndGlobalSection
	GlobalSection(ExtensibilityGlobals) = postSolution
		SolutionGuid = {75951A08-49AD-42AD-8903-582CB621CCAA}
	EndGlobalSection
EndGlobal
